// !$*UTF8*$!
{
	archiveVersion = 1;
	classes = {
	};
	objectVersion = 50;
	objects = {

/* Begin PBXBuildFile section */
		279091A71657CDB40E04657C /* Pods_DailyRate2UITests.framework in Frameworks */ = {isa = PBXBuildFile; fileRef = 93F8A739C2BB376BB999DABF /* Pods_DailyRate2UITests.framework */; };
		41259307B78FC4ACFEB9BEF8 /* Pods_DailyRate2.framework in Frameworks */ = {isa = PBXBuildFile; fileRef = 878D78771F8C04020C0401E2 /* Pods_DailyRate2.framework */; };
		632939D0692D6D15896D88B0 /* Pods_DailyRate2Tests.framework in Frameworks */ = {isa = PBXBuildFile; fileRef = 2618B4479C736DC47E90B849 /* Pods_DailyRate2Tests.framework */; };
		DE52D31D21C51FA300D7947C /* AppDelegate.swift in Sources */ = {isa = PBXBuildFile; fileRef = DE52D31C21C51FA300D7947C /* AppDelegate.swift */; };
		DE52D31F21C51FA300D7947C /* ViewController.swift in Sources */ = {isa = PBXBuildFile; fileRef = DE52D31E21C51FA300D7947C /* ViewController.swift */; };
		DE52D32221C51FA300D7947C /* Main.storyboard in Resources */ = {isa = PBXBuildFile; fileRef = DE52D32021C51FA300D7947C /* Main.storyboard */; };
		DE52D32421C51FA400D7947C /* Assets.xcassets in Resources */ = {isa = PBXBuildFile; fileRef = DE52D32321C51FA400D7947C /* Assets.xcassets */; };
		DE52D32721C51FA400D7947C /* LaunchScreen.storyboard in Resources */ = {isa = PBXBuildFile; fileRef = DE52D32521C51FA400D7947C /* LaunchScreen.storyboard */; };
		DE52D33221C51FA400D7947C /* DailyRate2Tests.swift in Sources */ = {isa = PBXBuildFile; fileRef = DE52D33121C51FA400D7947C /* DailyRate2Tests.swift */; };
		DE52D33D21C51FA400D7947C /* DailyRate2UITests.swift in Sources */ = {isa = PBXBuildFile; fileRef = DE52D33C21C51FA400D7947C /* DailyRate2UITests.swift */; };
		DE52D34C21C521CF00D7947C /* Calculator.swift in Sources */ = {isa = PBXBuildFile; fileRef = DE52D34B21C521CF00D7947C /* Calculator.swift */; };
/* End PBXBuildFile section */

/* Begin PBXContainerItemProxy section */
		DE52D32E21C51FA400D7947C /* PBXContainerItemProxy */ = {
			isa = PBXContainerItemProxy;
			containerPortal = DE52D31121C51FA300D7947C /* Project object */;
			proxyType = 1;
			remoteGlobalIDString = DE52D31821C51FA300D7947C;
			remoteInfo = DailyRate2;
		};
		DE52D33921C51FA400D7947C /* PBXContainerItemProxy */ = {
			isa = PBXContainerItemProxy;
			containerPortal = DE52D31121C51FA300D7947C /* Project object */;
			proxyType = 1;
			remoteGlobalIDString = DE52D31821C51FA300D7947C;
			remoteInfo = DailyRate2;
		};
/* End PBXContainerItemProxy section */

/* Begin PBXFileReference section */
		2618B4479C736DC47E90B849 /* Pods_DailyRate2Tests.framework */ = {isa = PBXFileReference; explicitFileType = wrapper.framework; includeInIndex = 0; path = Pods_DailyRate2Tests.framework; sourceTree = BUILT_PRODUCTS_DIR; };
		2F4448A09DE096C63C9B66E6 /* Pods-DailyRate2Tests.debug.xcconfig */ = {isa = PBXFileReference; includeInIndex = 1; lastKnownFileType = text.xcconfig; name = "Pods-DailyRate2Tests.debug.xcconfig"; path = "Pods/Target Support Files/Pods-DailyRate2Tests/Pods-DailyRate2Tests.debug.xcconfig"; sourceTree = "<group>"; };
		47B9DFCEB52C874899D4D612 /* Pods-DailyRate2.release.xcconfig */ = {isa = PBXFileReference; includeInIndex = 1; lastKnownFileType = text.xcconfig; name = "Pods-DailyRate2.release.xcconfig"; path = "Pods/Target Support Files/Pods-DailyRate2/Pods-DailyRate2.release.xcconfig"; sourceTree = "<group>"; };
		878D78771F8C04020C0401E2 /* Pods_DailyRate2.framework */ = {isa = PBXFileReference; explicitFileType = wrapper.framework; includeInIndex = 0; path = Pods_DailyRate2.framework; sourceTree = BUILT_PRODUCTS_DIR; };
		93F8A739C2BB376BB999DABF /* Pods_DailyRate2UITests.framework */ = {isa = PBXFileReference; explicitFileType = wrapper.framework; includeInIndex = 0; path = Pods_DailyRate2UITests.framework; sourceTree = BUILT_PRODUCTS_DIR; };
		B85D0CBBA6E7676F02BC161F /* Pods-DailyRate2Tests.release.xcconfig */ = {isa = PBXFileReference; includeInIndex = 1; lastKnownFileType = text.xcconfig; name = "Pods-DailyRate2Tests.release.xcconfig"; path = "Pods/Target Support Files/Pods-DailyRate2Tests/Pods-DailyRate2Tests.release.xcconfig"; sourceTree = "<group>"; };
		DE52D31921C51FA300D7947C /* DailyRate2.app */ = {isa = PBXFileReference; explicitFileType = wrapper.application; includeInIndex = 0; path = DailyRate2.app; sourceTree = BUILT_PRODUCTS_DIR; };
		DE52D31C21C51FA300D7947C /* AppDelegate.swift */ = {isa = PBXFileReference; lastKnownFileType = sourcecode.swift; path = AppDelegate.swift; sourceTree = "<group>"; };
		DE52D31E21C51FA300D7947C /* ViewController.swift */ = {isa = PBXFileReference; lastKnownFileType = sourcecode.swift; path = ViewController.swift; sourceTree = "<group>"; };
		DE52D32121C51FA300D7947C /* Base */ = {isa = PBXFileReference; lastKnownFileType = file.storyboard; name = Base; path = Base.lproj/Main.storyboard; sourceTree = "<group>"; };
		DE52D32321C51FA400D7947C /* Assets.xcassets */ = {isa = PBXFileReference; lastKnownFileType = folder.assetcatalog; path = Assets.xcassets; sourceTree = "<group>"; };
		DE52D32621C51FA400D7947C /* Base */ = {isa = PBXFileReference; lastKnownFileType = file.storyboard; name = Base; path = Base.lproj/LaunchScreen.storyboard; sourceTree = "<group>"; };
		DE52D32821C51FA400D7947C /* Info.plist */ = {isa = PBXFileReference; lastKnownFileType = text.plist.xml; path = Info.plist; sourceTree = "<group>"; };
		DE52D32D21C51FA400D7947C /* DailyRate2Tests.xctest */ = {isa = PBXFileReference; explicitFileType = wrapper.cfbundle; includeInIndex = 0; path = DailyRate2Tests.xctest; sourceTree = BUILT_PRODUCTS_DIR; };
		DE52D33121C51FA400D7947C /* DailyRate2Tests.swift */ = {isa = PBXFileReference; lastKnownFileType = sourcecode.swift; path = DailyRate2Tests.swift; sourceTree = "<group>"; };
		DE52D33321C51FA400D7947C /* Info.plist */ = {isa = PBXFileReference; lastKnownFileType = text.plist.xml; path = Info.plist; sourceTree = "<group>"; };
		DE52D33821C51FA400D7947C /* DailyRate2UITests.xctest */ = {isa = PBXFileReference; explicitFileType = wrapper.cfbundle; includeInIndex = 0; path = DailyRate2UITests.xctest; sourceTree = BUILT_PRODUCTS_DIR; };
		DE52D33C21C51FA400D7947C /* DailyRate2UITests.swift */ = {isa = PBXFileReference; lastKnownFileType = sourcecode.swift; path = DailyRate2UITests.swift; sourceTree = "<group>"; };
		DE52D33E21C51FA400D7947C /* Info.plist */ = {isa = PBXFileReference; lastKnownFileType = text.plist.xml; path = Info.plist; sourceTree = "<group>"; };
		DE52D34B21C521CF00D7947C /* Calculator.swift */ = {isa = PBXFileReference; lastKnownFileType = sourcecode.swift; path = Calculator.swift; sourceTree = "<group>"; };
		E49AA1AF84F388CD93E17471 /* Pods-DailyRate2UITests.release.xcconfig */ = {isa = PBXFileReference; includeInIndex = 1; lastKnownFileType = text.xcconfig; name = "Pods-DailyRate2UITests.release.xcconfig"; path = "Pods/Target Support Files/Pods-DailyRate2UITests/Pods-DailyRate2UITests.release.xcconfig"; sourceTree = "<group>"; };
		E9BF70BE4355A4CE1EC8CD73 /* Pods-DailyRate2.debug.xcconfig */ = {isa = PBXFileReference; includeInIndex = 1; lastKnownFileType = text.xcconfig; name = "Pods-DailyRate2.debug.xcconfig"; path = "Pods/Target Support Files/Pods-DailyRate2/Pods-DailyRate2.debug.xcconfig"; sourceTree = "<group>"; };
		F05AF652C93A3E549DBF7D2B /* Pods-DailyRate2UITests.debug.xcconfig */ = {isa = PBXFileReference; includeInIndex = 1; lastKnownFileType = text.xcconfig; name = "Pods-DailyRate2UITests.debug.xcconfig"; path = "Pods/Target Support Files/Pods-DailyRate2UITests/Pods-DailyRate2UITests.debug.xcconfig"; sourceTree = "<group>"; };
/* End PBXFileReference section */

/* Begin PBXFrameworksBuildPhase section */
		DE52D31621C51FA300D7947C /* Frameworks */ = {
			isa = PBXFrameworksBuildPhase;
			buildActionMask = 2147483647;
			files = (
				41259307B78FC4ACFEB9BEF8 /* Pods_DailyRate2.framework in Frameworks */,
			);
			runOnlyForDeploymentPostprocessing = 0;
		};
		DE52D32A21C51FA400D7947C /* Frameworks */ = {
			isa = PBXFrameworksBuildPhase;
			buildActionMask = 2147483647;
			files = (
				632939D0692D6D15896D88B0 /* Pods_DailyRate2Tests.framework in Frameworks */,
			);
			runOnlyForDeploymentPostprocessing = 0;
		};
		DE52D33521C51FA400D7947C /* Frameworks */ = {
			isa = PBXFrameworksBuildPhase;
			buildActionMask = 2147483647;
			files = (
				279091A71657CDB40E04657C /* Pods_DailyRate2UITests.framework in Frameworks */,
			);
			runOnlyForDeploymentPostprocessing = 0;
		};
/* End PBXFrameworksBuildPhase section */

/* Begin PBXGroup section */
		9C4C362AE58C2905A9E89B97 /* Pods */ = {
			isa = PBXGroup;
			children = (
				E9BF70BE4355A4CE1EC8CD73 /* Pods-DailyRate2.debug.xcconfig */,
				47B9DFCEB52C874899D4D612 /* Pods-DailyRate2.release.xcconfig */,
				2F4448A09DE096C63C9B66E6 /* Pods-DailyRate2Tests.debug.xcconfig */,
				B85D0CBBA6E7676F02BC161F /* Pods-DailyRate2Tests.release.xcconfig */,
				F05AF652C93A3E549DBF7D2B /* Pods-DailyRate2UITests.debug.xcconfig */,
				E49AA1AF84F388CD93E17471 /* Pods-DailyRate2UITests.release.xcconfig */,
			);
			name = Pods;
			sourceTree = "<group>";
		};
		DE52D31021C51FA300D7947C = {
			isa = PBXGroup;
			children = (
				DE52D31B21C51FA300D7947C /* DailyRate2 */,
				DE52D33021C51FA400D7947C /* DailyRate2Tests */,
				DE52D33B21C51FA400D7947C /* DailyRate2UITests */,
				DE52D31A21C51FA300D7947C /* Products */,
				9C4C362AE58C2905A9E89B97 /* Pods */,
				E5AA28E7A0A1AB95A4CA3A0A /* Frameworks */,
			);
			sourceTree = "<group>";
		};
		DE52D31A21C51FA300D7947C /* Products */ = {
			isa = PBXGroup;
			children = (
				DE52D31921C51FA300D7947C /* DailyRate2.app */,
				DE52D32D21C51FA400D7947C /* DailyRate2Tests.xctest */,
				DE52D33821C51FA400D7947C /* DailyRate2UITests.xctest */,
			);
			name = Products;
			sourceTree = "<group>";
		};
		DE52D31B21C51FA300D7947C /* DailyRate2 */ = {
			isa = PBXGroup;
			children = (
				DE52D34A21C521BF00D7947C /* Business */,
				DE52D31C21C51FA300D7947C /* AppDelegate.swift */,
				DE52D31E21C51FA300D7947C /* ViewController.swift */,
				DE52D32021C51FA300D7947C /* Main.storyboard */,
				DE52D32321C51FA400D7947C /* Assets.xcassets */,
				DE52D32521C51FA400D7947C /* LaunchScreen.storyboard */,
				DE52D32821C51FA400D7947C /* Info.plist */,
			);
			path = DailyRate2;
			sourceTree = "<group>";
		};
		DE52D33021C51FA400D7947C /* DailyRate2Tests */ = {
			isa = PBXGroup;
			children = (
				DE52D33121C51FA400D7947C /* DailyRate2Tests.swift */,
				DE52D33321C51FA400D7947C /* Info.plist */,
			);
			path = DailyRate2Tests;
			sourceTree = "<group>";
		};
		DE52D33B21C51FA400D7947C /* DailyRate2UITests */ = {
			isa = PBXGroup;
			children = (
				DE52D33C21C51FA400D7947C /* DailyRate2UITests.swift */,
				DE52D33E21C51FA400D7947C /* Info.plist */,
			);
			path = DailyRate2UITests;
			sourceTree = "<group>";
		};
		DE52D34A21C521BF00D7947C /* Business */ = {
			isa = PBXGroup;
			children = (
				DE52D34B21C521CF00D7947C /* Calculator.swift */,
			);
			path = Business;
			sourceTree = "<group>";
		};
		E5AA28E7A0A1AB95A4CA3A0A /* Frameworks */ = {
			isa = PBXGroup;
			children = (
				878D78771F8C04020C0401E2 /* Pods_DailyRate2.framework */,
				2618B4479C736DC47E90B849 /* Pods_DailyRate2Tests.framework */,
				93F8A739C2BB376BB999DABF /* Pods_DailyRate2UITests.framework */,
			);
			name = Frameworks;
			sourceTree = "<group>";
		};
/* End PBXGroup section */

/* Begin PBXNativeTarget section */
		DE52D31821C51FA300D7947C /* DailyRate2 */ = {
			isa = PBXNativeTarget;
			buildConfigurationList = DE52D34121C51FA400D7947C /* Build configuration list for PBXNativeTarget "DailyRate2" */;
			buildPhases = (
				55DCFFA4D5FC6E956ABBB7D6 /* [CP] Check Pods Manifest.lock */,
				DE52D31521C51FA300D7947C /* Sources */,
				DE52D31621C51FA300D7947C /* Frameworks */,
				DE52D31721C51FA300D7947C /* Resources */,
				34A4B2B0319A0CBC7B7AF307 /* [CP] Embed Pods Frameworks */,
			);
			buildRules = (
			);
			dependencies = (
			);
			name = DailyRate2;
			productName = DailyRate2;
			productReference = DE52D31921C51FA300D7947C /* DailyRate2.app */;
			productType = "com.apple.product-type.application";
		};
		DE52D32C21C51FA400D7947C /* DailyRate2Tests */ = {
			isa = PBXNativeTarget;
			buildConfigurationList = DE52D34421C51FA400D7947C /* Build configuration list for PBXNativeTarget "DailyRate2Tests" */;
			buildPhases = (
				B90DE26DBAC1BF14C7055A2A /* [CP] Check Pods Manifest.lock */,
				DE52D32921C51FA400D7947C /* Sources */,
				DE52D32A21C51FA400D7947C /* Frameworks */,
				DE52D32B21C51FA400D7947C /* Resources */,
			);
			buildRules = (
			);
			dependencies = (
				DE52D32F21C51FA400D7947C /* PBXTargetDependency */,
			);
			name = DailyRate2Tests;
			productName = DailyRate2Tests;
			productReference = DE52D32D21C51FA400D7947C /* DailyRate2Tests.xctest */;
			productType = "com.apple.product-type.bundle.unit-test";
		};
		DE52D33721C51FA400D7947C /* DailyRate2UITests */ = {
			isa = PBXNativeTarget;
			buildConfigurationList = DE52D34721C51FA400D7947C /* Build configuration list for PBXNativeTarget "DailyRate2UITests" */;
			buildPhases = (
				9080459A88F4CA6BCAA3B037 /* [CP] Check Pods Manifest.lock */,
				DE52D33421C51FA400D7947C /* Sources */,
				DE52D33521C51FA400D7947C /* Frameworks */,
				DE52D33621C51FA400D7947C /* Resources */,
			);
			buildRules = (
			);
			dependencies = (
				DE52D33A21C51FA400D7947C /* PBXTargetDependency */,
			);
			name = DailyRate2UITests;
			productName = DailyRate2UITests;
			productReference = DE52D33821C51FA400D7947C /* DailyRate2UITests.xctest */;
			productType = "com.apple.product-type.bundle.ui-testing";
		};
/* End PBXNativeTarget section */

/* Begin PBXProject section */
		DE52D31121C51FA300D7947C /* Project object */ = {
			isa = PBXProject;
			attributes = {
				LastSwiftUpdateCheck = 1010;
				LastUpgradeCheck = 1010;
				ORGANIZATIONNAME = "Simple Sense";
				TargetAttributes = {
					DE52D31821C51FA300D7947C = {
						CreatedOnToolsVersion = 10.1;
					};
					DE52D32C21C51FA400D7947C = {
						CreatedOnToolsVersion = 10.1;
						TestTargetID = DE52D31821C51FA300D7947C;
					};
					DE52D33721C51FA400D7947C = {
						CreatedOnToolsVersion = 10.1;
						TestTargetID = DE52D31821C51FA300D7947C;
					};
				};
			};
			buildConfigurationList = DE52D31421C51FA300D7947C /* Build configuration list for PBXProject "DailyRate2" */;
			compatibilityVersion = "Xcode 9.3";
			developmentRegion = en;
			hasScannedForEncodings = 0;
			knownRegions = (
				en,
				Base,
			);
			mainGroup = DE52D31021C51FA300D7947C;
			productRefGroup = DE52D31A21C51FA300D7947C /* Products */;
			projectDirPath = "";
			projectRoot = "";
			targets = (
				DE52D31821C51FA300D7947C /* DailyRate2 */,
				DE52D32C21C51FA400D7947C /* DailyRate2Tests */,
				DE52D33721C51FA400D7947C /* DailyRate2UITests */,
			);
		};
/* End PBXProject section */

/* Begin PBXResourcesBuildPhase section */
		DE52D31721C51FA300D7947C /* Resources */ = {
			isa = PBXResourcesBuildPhase;
			buildActionMask = 2147483647;
			files = (
				DE52D32721C51FA400D7947C /* LaunchScreen.storyboard in Resources */,
				DE52D32421C51FA400D7947C /* Assets.xcassets in Resources */,
				DE52D32221C51FA300D7947C /* Main.storyboard in Resources */,
			);
			runOnlyForDeploymentPostprocessing = 0;
		};
		DE52D32B21C51FA400D7947C /* Resources */ = {
			isa = PBXResourcesBuildPhase;
			buildActionMask = 2147483647;
			files = (
			);
			runOnlyForDeploymentPostprocessing = 0;
		};
		DE52D33621C51FA400D7947C /* Resources */ = {
			isa = PBXResourcesBuildPhase;
			buildActionMask = 2147483647;
			files = (
			);
			runOnlyForDeploymentPostprocessing = 0;
		};
/* End PBXResourcesBuildPhase section */

/* Begin PBXShellScriptBuildPhase section */
		34A4B2B0319A0CBC7B7AF307 /* [CP] Embed Pods Frameworks */ = {
			isa = PBXShellScriptBuildPhase;
			buildActionMask = 2147483647;
			files = (
			);
			inputFileListPaths = (
			);
			inputPaths = (
				"${SRCROOT}/Pods/Target Support Files/Pods-DailyRate2/Pods-DailyRate2-frameworks.sh",
				"${BUILT_PRODUCTS_DIR}/Action/Action.framework",
				"${BUILT_PRODUCTS_DIR}/DateToolsSwift/DateToolsSwift.framework",
				"${BUILT_PRODUCTS_DIR}/RSSwizzle/RSSwizzle.framework",
				"${BUILT_PRODUCTS_DIR}/RxAtomic/RxAtomic.framework",
				"${BUILT_PRODUCTS_DIR}/RxCocoa/RxCocoa.framework",
				"${BUILT_PRODUCTS_DIR}/RxSwift/RxSwift.framework",
				"${BUILT_PRODUCTS_DIR}/RxSwiftExt/RxSwiftExt.framework",
			);
			name = "[CP] Embed Pods Frameworks";
			outputFileListPaths = (
			);
			outputPaths = (
				"${TARGET_BUILD_DIR}/${FRAMEWORKS_FOLDER_PATH}/Action.framework",
				"${TARGET_BUILD_DIR}/${FRAMEWORKS_FOLDER_PATH}/DateToolsSwift.framework",
				"${TARGET_BUILD_DIR}/${FRAMEWORKS_FOLDER_PATH}/RSSwizzle.framework",
				"${TARGET_BUILD_DIR}/${FRAMEWORKS_FOLDER_PATH}/RxAtomic.framework",
				"${TARGET_BUILD_DIR}/${FRAMEWORKS_FOLDER_PATH}/RxCocoa.framework",
				"${TARGET_BUILD_DIR}/${FRAMEWORKS_FOLDER_PATH}/RxSwift.framework",
				"${TARGET_BUILD_DIR}/${FRAMEWORKS_FOLDER_PATH}/RxSwiftExt.framework",
			);
			runOnlyForDeploymentPostprocessing = 0;
			shellPath = /bin/sh;
			shellScript = "\"${SRCROOT}/Pods/Target Support Files/Pods-DailyRate2/Pods-DailyRate2-frameworks.sh\"\n";
			showEnvVarsInLog = 0;
		};
		55DCFFA4D5FC6E956ABBB7D6 /* [CP] Check Pods Manifest.lock */ = {
			isa = PBXShellScriptBuildPhase;
			buildActionMask = 2147483647;
			files = (
			);
			inputFileListPaths = (
			);
			inputPaths = (
				"${PODS_PODFILE_DIR_PATH}/Podfile.lock",
				"${PODS_ROOT}/Manifest.lock",
			);
			name = "[CP] Check Pods Manifest.lock";
			outputFileListPaths = (
			);
			outputPaths = (
				"$(DERIVED_FILE_DIR)/Pods-DailyRate2-checkManifestLockResult.txt",
			);
			runOnlyForDeploymentPostprocessing = 0;
			shellPath = /bin/sh;
			shellScript = "diff \"${PODS_PODFILE_DIR_PATH}/Podfile.lock\" \"${PODS_ROOT}/Manifest.lock\" > /dev/null\nif [ $? != 0 ] ; then\n    # print error to STDERR\n    echo \"error: The sandbox is not in sync with the Podfile.lock. Run 'pod install' or update your CocoaPods installation.\" >&2\n    exit 1\nfi\n# This output is used by Xcode 'outputs' to avoid re-running this script phase.\necho \"SUCCESS\" > \"${SCRIPT_OUTPUT_FILE_0}\"\n";
			showEnvVarsInLog = 0;
		};
		9080459A88F4CA6BCAA3B037 /* [CP] Check Pods Manifest.lock */ = {
			isa = PBXShellScriptBuildPhase;
			buildActionMask = 2147483647;
			files = (
			);
			inputFileListPaths = (
			);
			inputPaths = (
				"${PODS_PODFILE_DIR_PATH}/Podfile.lock",
				"${PODS_ROOT}/Manifest.lock",
			);
			name = "[CP] Check Pods Manifest.lock";
			outputFileListPaths = (
			);
			outputPaths = (
				"$(DERIVED_FILE_DIR)/Pods-DailyRate2UITests-checkManifestLockResult.txt",
			);
			runOnlyForDeploymentPostprocessing = 0;
			shellPath = /bin/sh;
			shellScript = "diff \"${PODS_PODFILE_DIR_PATH}/Podfile.lock\" \"${PODS_ROOT}/Manifest.lock\" > /dev/null\nif [ $? != 0 ] ; then\n    # print error to STDERR\n    echo \"error: The sandbox is not in sync with the Podfile.lock. Run 'pod install' or update your CocoaPods installation.\" >&2\n    exit 1\nfi\n# This output is used by Xcode 'outputs' to avoid re-running this script phase.\necho \"SUCCESS\" > \"${SCRIPT_OUTPUT_FILE_0}\"\n";
			showEnvVarsInLog = 0;
		};
		B90DE26DBAC1BF14C7055A2A /* [CP] Check Pods Manifest.lock */ = {
			isa = PBXShellScriptBuildPhase;
			buildActionMask = 2147483647;
			files = (
			);
			inputFileListPaths = (
			);
			inputPaths = (
				"${PODS_PODFILE_DIR_PATH}/Podfile.lock",
				"${PODS_ROOT}/Manifest.lock",
			);
			name = "[CP] Check Pods Manifest.lock";
			outputFileListPaths = (
			);
			outputPaths = (
				"$(DERIVED_FILE_DIR)/Pods-DailyRate2Tests-checkManifestLockResult.txt",
			);
			runOnlyForDeploymentPostprocessing = 0;
			shellPath = /bin/sh;
			shellScript = "diff \"${PODS_PODFILE_DIR_PATH}/Podfile.lock\" \"${PODS_ROOT}/Manifest.lock\" > /dev/null\nif [ $? != 0 ] ; then\n    # print error to STDERR\n    echo \"error: The sandbox is not in sync with the Podfile.lock. Run 'pod install' or update your CocoaPods installation.\" >&2\n    exit 1\nfi\n# This output is used by Xcode 'outputs' to avoid re-running this script phase.\necho \"SUCCESS\" > \"${SCRIPT_OUTPUT_FILE_0}\"\n";
			showEnvVarsInLog = 0;
		};
/* End PBXShellScriptBuildPhase section */

/* Begin PBXSourcesBuildPhase section */
		DE52D31521C51FA300D7947C /* Sources */ = {
			isa = PBXSourcesBuildPhase;
			buildActionMask = 2147483647;
			files = (
				DE52D31F21C51FA300D7947C /* ViewController.swift in Sources */,
				DE52D31D21C51FA300D7947C /* AppDelegate.swift in Sources */,
				DE52D34C21C521CF00D7947C /* Calculator.swift in Sources */,
			);
			runOnlyForDeploymentPostprocessing = 0;
		};
		DE52D32921C51FA400D7947C /* Sources */ = {
			isa = PBXSourcesBuildPhase;
			buildActionMask = 2147483647;
			files = (
				DE52D33221C51FA400D7947C /* DailyRate2Tests.swift in Sources */,
			);
			runOnlyForDeploymentPostprocessing = 0;
		};
		DE52D33421C51FA400D7947C /* Sources */ = {
			isa = PBXSourcesBuildPhase;
			buildActionMask = 2147483647;
			files = (
				DE52D33D21C51FA400D7947C /* DailyRate2UITests.swift in Sources */,
			);
			runOnlyForDeploymentPostprocessing = 0;
		};
/* End PBXSourcesBuildPhase section */

/* Begin PBXTargetDependency section */
		DE52D32F21C51FA400D7947C /* PBXTargetDependency */ = {
			isa = PBXTargetDependency;
			target = DE52D31821C51FA300D7947C /* DailyRate2 */;
			targetProxy = DE52D32E21C51FA400D7947C /* PBXContainerItemProxy */;
		};
		DE52D33A21C51FA400D7947C /* PBXTargetDependency */ = {
			isa = PBXTargetDependency;
			target = DE52D31821C51FA300D7947C /* DailyRate2 */;
			targetProxy = DE52D33921C51FA400D7947C /* PBXContainerItemProxy */;
		};
/* End PBXTargetDependency section */

/* Begin PBXVariantGroup section */
		DE52D32021C51FA300D7947C /* Main.storyboard */ = {
			isa = PBXVariantGroup;
			children = (
				DE52D32121C51FA300D7947C /* Base */,
			);
			name = Main.storyboard;
			sourceTree = "<group>";
		};
		DE52D32521C51FA400D7947C /* LaunchScreen.storyboard */ = {
			isa = PBXVariantGroup;
			children = (
				DE52D32621C51FA400D7947C /* Base */,
			);
			name = LaunchScreen.storyboard;
			sourceTree = "<group>";
		};
/* End PBXVariantGroup section */

/* Begin XCBuildConfiguration section */
		DE52D33F21C51FA400D7947C /* Debug */ = {
			isa = XCBuildConfiguration;
			buildSettings = {
				ALWAYS_SEARCH_USER_PATHS = NO;
				CLANG_ANALYZER_NONNULL = YES;
				CLANG_ANALYZER_NUMBER_OBJECT_CONVERSION = YES_AGGRESSIVE;
				CLANG_CXX_LANGUAGE_STANDARD = "gnu++14";
				CLANG_CXX_LIBRARY = "libc++";
				CLANG_ENABLE_MODULES = YES;
				CLANG_ENABLE_OBJC_ARC = YES;
				CLANG_ENABLE_OBJC_WEAK = YES;
				CLANG_WARN_BLOCK_CAPTURE_AUTORELEASING = YES;
				CLANG_WARN_BOOL_CONVERSION = YES;
				CLANG_WARN_COMMA = YES;
				CLANG_WARN_CONSTANT_CONVERSION = YES;
				CLANG_WARN_DEPRECATED_OBJC_IMPLEMENTATIONS = YES;
				CLANG_WARN_DIRECT_OBJC_ISA_USAGE = YES_ERROR;
				CLANG_WARN_DOCUMENTATION_COMMENTS = YES;
				CLANG_WARN_EMPTY_BODY = YES;
				CLANG_WARN_ENUM_CONVERSION = YES;
				CLANG_WARN_INFINITE_RECURSION = YES;
				CLANG_WARN_INT_CONVERSION = YES;
				CLANG_WARN_NON_LITERAL_NULL_CONVERSION = YES;
				CLANG_WARN_OBJC_IMPLICIT_RETAIN_SELF = YES;
				CLANG_WARN_OBJC_LITERAL_CONVERSION = YES;
				CLANG_WARN_OBJC_ROOT_CLASS = YES_ERROR;
				CLANG_WARN_RANGE_LOOP_ANALYSIS = YES;
				CLANG_WARN_STRICT_PROTOTYPES = YES;
				CLANG_WARN_SUSPICIOUS_MOVE = YES;
				CLANG_WARN_UNGUARDED_AVAILABILITY = YES_AGGRESSIVE;
				CLANG_WARN_UNREACHABLE_CODE = YES;
				CLANG_WARN__DUPLICATE_METHOD_MATCH = YES;
				CODE_SIGN_IDENTITY = "iPhone Developer";
				COPY_PHASE_STRIP = NO;
				DEBUG_INFORMATION_FORMAT = dwarf;
				ENABLE_STRICT_OBJC_MSGSEND = YES;
				ENABLE_TESTABILITY = YES;
				GCC_C_LANGUAGE_STANDARD = gnu11;
				GCC_DYNAMIC_NO_PIC = NO;
				GCC_NO_COMMON_BLOCKS = YES;
				GCC_OPTIMIZATION_LEVEL = 0;
				GCC_PREPROCESSOR_DEFINITIONS = (
					"DEBUG=1",
					"$(inherited)",
				);
				GCC_WARN_64_TO_32_BIT_CONVERSION = YES;
				GCC_WARN_ABOUT_RETURN_TYPE = YES_ERROR;
				GCC_WARN_UNDECLARED_SELECTOR = YES;
				GCC_WARN_UNINITIALIZED_AUTOS = YES_AGGRESSIVE;
				GCC_WARN_UNUSED_FUNCTION = YES;
				GCC_WARN_UNUSED_VARIABLE = YES;
				IPHONEOS_DEPLOYMENT_TARGET = 12.1;
				MTL_ENABLE_DEBUG_INFO = INCLUDE_SOURCE;
				MTL_FAST_MATH = YES;
				ONLY_ACTIVE_ARCH = YES;
				SDKROOT = iphoneos;
				SWIFT_ACTIVE_COMPILATION_CONDITIONS = DEBUG;
				SWIFT_OPTIMIZATION_LEVEL = "-Onone";
			};
			name = Debug;
		};
		DE52D34021C51FA400D7947C /* Release */ = {
			isa = XCBuildConfiguration;
			buildSettings = {
				ALWAYS_SEARCH_USER_PATHS = NO;
				CLANG_ANALYZER_NONNULL = YES;
				CLANG_ANALYZER_NUMBER_OBJECT_CONVERSION = YES_AGGRESSIVE;
				CLANG_CXX_LANGUAGE_STANDARD = "gnu++14";
				CLANG_CXX_LIBRARY = "libc++";
				CLANG_ENABLE_MODULES = YES;
				CLANG_ENABLE_OBJC_ARC = YES;
				CLANG_ENABLE_OBJC_WEAK = YES;
				CLANG_WARN_BLOCK_CAPTURE_AUTORELEASING = YES;
				CLANG_WARN_BOOL_CONVERSION = YES;
				CLANG_WARN_COMMA = YES;
				CLANG_WARN_CONSTANT_CONVERSION = YES;
				CLANG_WARN_DEPRECATED_OBJC_IMPLEMENTATIONS = YES;
				CLANG_WARN_DIRECT_OBJC_ISA_USAGE = YES_ERROR;
				CLANG_WARN_DOCUMENTATION_COMMENTS = YES;
				CLANG_WARN_EMPTY_BODY = YES;
				CLANG_WARN_ENUM_CONVERSION = YES;
				CLANG_WARN_INFINITE_RECURSION = YES;
				CLANG_WARN_INT_CONVERSION = YES;
				CLANG_WARN_NON_LITERAL_NULL_CONVERSION = YES;
				CLANG_WARN_OBJC_IMPLICIT_RETAIN_SELF = YES;
				CLANG_WARN_OBJC_LITERAL_CONVERSION = YES;
				CLANG_WARN_OBJC_ROOT_CLASS = YES_ERROR;
				CLANG_WARN_RANGE_LOOP_ANALYSIS = YES;
				CLANG_WARN_STRICT_PROTOTYPES = YES;
				CLANG_WARN_SUSPICIOUS_MOVE = YES;
				CLANG_WARN_UNGUARDED_AVAILABILITY = YES_AGGRESSIVE;
				CLANG_WARN_UNREACHABLE_CODE = YES;
				CLANG_WARN__DUPLICATE_METHOD_MATCH = YES;
				CODE_SIGN_IDENTITY = "iPhone Developer";
				COPY_PHASE_STRIP = NO;
				DEBUG_INFORMATION_FORMAT = "dwarf-with-dsym";
				ENABLE_NS_ASSERTIONS = NO;
				ENABLE_STRICT_OBJC_MSGSEND = YES;
				GCC_C_LANGUAGE_STANDARD = gnu11;
				GCC_NO_COMMON_BLOCKS = YES;
				GCC_WARN_64_TO_32_BIT_CONVERSION = YES;
				GCC_WARN_ABOUT_RETURN_TYPE = YES_ERROR;
				GCC_WARN_UNDECLARED_SELECTOR = YES;
				GCC_WARN_UNINITIALIZED_AUTOS = YES_AGGRESSIVE;
				GCC_WARN_UNUSED_FUNCTION = YES;
				GCC_WARN_UNUSED_VARIABLE = YES;
				IPHONEOS_DEPLOYMENT_TARGET = 12.1;
				MTL_ENABLE_DEBUG_INFO = NO;
				MTL_FAST_MATH = YES;
				SDKROOT = iphoneos;
				SWIFT_COMPILATION_MODE = wholemodule;
				SWIFT_OPTIMIZATION_LEVEL = "-O";
				VALIDATE_PRODUCT = YES;
			};
			name = Release;
		};
		DE52D34221C51FA400D7947C /* Debug */ = {
			isa = XCBuildConfiguration;
			baseConfigurationReference = E9BF70BE4355A4CE1EC8CD73 /* Pods-DailyRate2.debug.xcconfig */;
			buildSettings = {
				ASSETCATALOG_COMPILER_APPICON_NAME = AppIcon;
				CODE_SIGN_STYLE = Automatic;
				DEVELOPMENT_TEAM = 3X36G2LREE;
				INFOPLIST_FILE = DailyRate2/Info.plist;
				IPHONEOS_DEPLOYMENT_TARGET = 12.0;
				LD_RUNPATH_SEARCH_PATHS = (
					"$(inherited)",
					"@executable_path/Frameworks",
				);
				PRODUCT_BUNDLE_IDENTIFIER = com.simplesense.dailyratetwo;
				PRODUCT_NAME = "$(TARGET_NAME)";
				SWIFT_VERSION = 4.2;
				TARGETED_DEVICE_FAMILY = 1;
			};
			name = Debug;
		};
		DE52D34321C51FA400D7947C /* Release */ = {
			isa = XCBuildConfiguration;
			baseConfigurationReference = 47B9DFCEB52C874899D4D612 /* Pods-DailyRate2.release.xcconfig */;
			buildSettings = {
				ASSETCATALOG_COMPILER_APPICON_NAME = AppIcon;
				CODE_SIGN_STYLE = Automatic;
				DEVELOPMENT_TEAM = 3X36G2LREE;
				INFOPLIST_FILE = DailyRate2/Info.plist;
				IPHONEOS_DEPLOYMENT_TARGET = 12.0;
				LD_RUNPATH_SEARCH_PATHS = (
					"$(inherited)",
					"@executable_path/Frameworks",
				);
				PRODUCT_BUNDLE_IDENTIFIER = com.simplesense.dailyratetwo;
				PRODUCT_NAME = "$(TARGET_NAME)";
				SWIFT_VERSION = 4.2;
				TARGETED_DEVICE_FAMILY = 1;
			};
			name = Release;
		};
		DE52D34521C51FA400D7947C /* Debug */ = {
			isa = XCBuildConfiguration;
			baseConfigurationReference = 2F4448A09DE096C63C9B66E6 /* Pods-DailyRate2Tests.debug.xcconfig */;
			buildSettings = {
				ALWAYS_EMBED_SWIFT_STANDARD_LIBRARIES = YES;
				BUNDLE_LOADER = "$(TEST_HOST)";
				CODE_SIGN_STYLE = Automatic;
				INFOPLIST_FILE = DailyRate2Tests/Info.plist;
				LD_RUNPATH_SEARCH_PATHS = (
					"$(inherited)",
					"@executable_path/Frameworks",
					"@loader_path/Frameworks",
				);
				PRODUCT_BUNDLE_IDENTIFIER = com.simplesense.DailyRate2Tests;
				PRODUCT_NAME = "$(TARGET_NAME)";
				SWIFT_VERSION = 4.2;
				TARGETED_DEVICE_FAMILY = "1,2";
				TEST_HOST = "$(BUILT_PRODUCTS_DIR)/DailyRate2.app/DailyRate2";
			};
			name = Debug;
		};
		DE52D34621C51FA400D7947C /* Release */ = {
			isa = XCBuildConfiguration;
			baseConfigurationReference = B85D0CBBA6E7676F02BC161F /* Pods-DailyRate2Tests.release.xcconfig */;
			buildSettings = {
				ALWAYS_EMBED_SWIFT_STANDARD_LIBRARIES = YES;
				BUNDLE_LOADER = "$(TEST_HOST)";
				CODE_SIGN_STYLE = Automatic;
				INFOPLIST_FILE = DailyRate2Tests/Info.plist;
				LD_RUNPATH_SEARCH_PATHS = (
					"$(inherited)",
					"@executable_path/Frameworks",
					"@loader_path/Frameworks",
				);
				PRODUCT_BUNDLE_IDENTIFIER = com.simplesense.DailyRate2Tests;
				PRODUCT_NAME = "$(TARGET_NAME)";
				SWIFT_VERSION = 4.2;
				TARGETED_DEVICE_FAMILY = "1,2";
				TEST_HOST = "$(BUILT_PRODUCTS_DIR)/DailyRate2.app/DailyRate2";
			};
			name = Release;
		};
		DE52D34821C51FA400D7947C /* Debug */ = {
			isa = XCBuildConfiguration;
			baseConfigurationReference = F05AF652C93A3E549DBF7D2B /* Pods-DailyRate2UITests.debug.xcconfig */;
			buildSettings = {
				ALWAYS_EMBED_SWIFT_STANDARD_LIBRARIES = YES;
				CODE_SIGN_STYLE = Automatic;
				INFOPLIST_FILE = DailyRate2UITests/Info.plist;
				LD_RUNPATH_SEARCH_PATHS = (
					"$(inherited)",
					"@executable_path/Frameworks",
					"@loader_path/Frameworks",
				);
				PRODUCT_BUNDLE_IDENTIFIER = com.simplesense.DailyRate2UITests;
				PRODUCT_NAME = "$(TARGET_NAME)";
				SWIFT_VERSION = 4.2;
				TARGETED_DEVICE_FAMILY = "1,2";
				TEST_TARGET_NAME = DailyRate2;
			};
			name = Debug;
		};
		DE52D34921C51FA400D7947C /* Release */ = {
			isa = XCBuildConfiguration;
			baseConfigurationReference = E49AA1AF84F388CD93E17471 /* Pods-DailyRate2UITests.release.xcconfig */;
			buildSettings = {
				ALWAYS_EMBED_SWIFT_STANDARD_LIBRARIES = YES;
				CODE_SIGN_STYLE = Automatic;
				INFOPLIST_FILE = DailyRate2UITests/Info.plist;
				LD_RUNPATH_SEARCH_PATHS = (
					"$(inherited)",
					"@executable_path/Frameworks",
					"@loader_path/Frameworks",
				);
				PRODUCT_BUNDLE_IDENTIFIER = com.simplesense.DailyRate2UITests;
				PRODUCT_NAME = "$(TARGET_NAME)";
				SWIFT_VERSION = 4.2;
				TARGETED_DEVICE_FAMILY = "1,2";
				TEST_TARGET_NAME = DailyRate2;
			};
			name = Release;
		};
/* End XCBuildConfiguration section */

/* Begin XCConfigurationList section */
		DE52D31421C51FA300D7947C /* Build configuration list for PBXProject "DailyRate2" */ = {
			isa = XCConfigurationList;
			buildConfigurations = (
				DE52D33F21C51FA400D7947C /* Debug */,
				DE52D34021C51FA400D7947C /* Release */,
			);
			defaultConfigurationIsVisible = 0;
			defaultConfigurationName = Release;
		};
		DE52D34121C51FA400D7947C /* Build configuration list for PBXNativeTarget "DailyRate2" */ = {
			isa = XCConfigurationList;
			buildConfigurations = (
				DE52D34221C51FA400D7947C /* Debug */,
				DE52D34321C51FA400D7947C /* Release */,
			);
			defaultConfigurationIsVisible = 0;
			defaultConfigurationName = Release;
		};
		DE52D34421C51FA400D7947C /* Build configuration list for PBXNativeTarget "DailyRate2Tests" */ = {
			isa = XCConfigurationList;
			buildConfigurations = (
				DE52D34521C51FA400D7947C /* Debug */,
				DE52D34621C51FA400D7947C /* Release */,
			);
			defaultConfigurationIsVisible = 0;
			defaultConfigurationName = Release;
		};
		DE52D34721C51FA400D7947C /* Build configuration list for PBXNativeTarget "DailyRate2UITests" */ = {
			isa = XCConfigurationList;
			buildConfigurations = (
				DE52D34821C51FA400D7947C /* Debug */,
				DE52D34921C51FA400D7947C /* Release */,
			);
			defaultConfigurationIsVisible = 0;
			defaultConfigurationName = Release;
		};
/* End XCConfigurationList section */
	};
	rootObject = DE52D31121C51FA300D7947C /* Project object */;
}
